
Microsoft Visual Studio Solution File, Format Version 12.00
# Visual Studio Version 16
VisualStudioVersion = 16.0.30621.155
MinimumVisualStudioVersion = 10.0.40219.1
Project("{FAE04EC0-301F-11D3-BF4B-00C04F79EFBC}") = "Apotheek application", "Apotheek application\Apotheek application.csproj", "{674A1CAE-B301-4709-B519-FC3A9D8ADF1C}"
EndProject
Global
	GlobalSection(SolutionConfigurationPlatforms) = preSolution
		Debug|Any CPU = Debug|Any CPU
		Release|Any CPU = Release|Any CPU
	EndGlobalSection
	GlobalSection(ProjectConfigurationPlatforms) = postSolution
		{674A1CAE-B301-4709-B519-FC3A9D8ADF1C}.Debug|Any CPU.ActiveCfg = Debug|Any CPU
		{674A1CAE-B301-4709-B519-FC3A9D8ADF1C}.Debug|Any CPU.Build.0 = Debug|Any CPU
		{674A1CAE-B301-4709-B519-FC3A9D8ADF1C}.Release|Any CPU.ActiveCfg = Release|Any CPU
		{674A1CAE-B301-4709-B519-FC3A9D8ADF1C}.Release|Any CPU.Build.0 = Release|Any CPU
	EndGlobalSection
	GlobalSection(SolutionProperties) = preSolution
		HideSolutionNode = FALSE
	EndGlobalSection
	GlobalSection(ExtensibilityGlobals) = postSolution
		SolutionGuid = {CAFA8174-18E8-47BB-A27D-74BC29A9168B}
	EndGlobalSection
EndGlobal
